// !$*UTF8*$!
{
	archiveVersion = 1;
	classes = {
	};
	objectVersion = 50;
	objects = {

/* Begin PBXBuildFile section */
		146643BD20D4366E00DC038F /* AppDelegate.swift in Sources */ = {isa = PBXBuildFile; fileRef = 146643BC20D4366E00DC038F /* AppDelegate.swift */; };
		146643BF20D4366E00DC038F /* PrincipalViewController.swift in Sources */ = {isa = PBXBuildFile; fileRef = 146643BE20D4366E00DC038F /* PrincipalViewController.swift */; };
		146643C220D4366E00DC038F /* Main.storyboard in Resources */ = {isa = PBXBuildFile; fileRef = 146643C020D4366E00DC038F /* Main.storyboard */; };
		146643C420D4367400DC038F /* Assets.xcassets in Resources */ = {isa = PBXBuildFile; fileRef = 146643C320D4367400DC038F /* Assets.xcassets */; };
		146643C720D4367400DC038F /* LaunchScreen.storyboard in Resources */ = {isa = PBXBuildFile; fileRef = 146643C520D4367400DC038F /* LaunchScreen.storyboard */; };
		146643D220D4367400DC038F /* Meu_Primeiro_Projeto_iOSTests.swift in Sources */ = {isa = PBXBuildFile; fileRef = 146643D120D4367400DC038F /* Meu_Primeiro_Projeto_iOSTests.swift */; };
		146643DD20D4367400DC038F /* Meu_Primeiro_Projeto_iOSUITests.swift in Sources */ = {isa = PBXBuildFile; fileRef = 146643DC20D4367400DC038F /* Meu_Primeiro_Projeto_iOSUITests.swift */; };
/* End PBXBuildFile section */

/* Begin PBXContainerItemProxy section */
		146643CE20D4367400DC038F /* PBXContainerItemProxy */ = {
			isa = PBXContainerItemProxy;
			containerPortal = 146643B120D4366E00DC038F /* Project object */;
			proxyType = 1;
			remoteGlobalIDString = 146643B820D4366E00DC038F;
			remoteInfo = "Meu Primeiro Projeto iOS";
		};
		146643D920D4367400DC038F /* PBXContainerItemProxy */ = {
			isa = PBXContainerItemProxy;
			containerPortal = 146643B120D4366E00DC038F /* Project object */;
			proxyType = 1;
			remoteGlobalIDString = 146643B820D4366E00DC038F;
			remoteInfo = "Meu Primeiro Projeto iOS";
		};
/* End PBXContainerItemProxy section */

/* Begin PBXFileReference section */
		146643B920D4366E00DC038F /* Meu Primeiro Projeto iOS.app */ = {isa = PBXFileReference; explicitFileType = wrapper.application; includeInIndex = 0; path = "Meu Primeiro Projeto iOS.app"; sourceTree = BUILT_PRODUCTS_DIR; };
		146643BC20D4366E00DC038F /* AppDelegate.swift */ = {isa = PBXFileReference; lastKnownFileType = sourcecode.swift; path = AppDelegate.swift; sourceTree = "<group>"; };
		146643BE20D4366E00DC038F /* PrincipalViewController.swift */ = {isa = PBXFileReference; lastKnownFileType = sourcecode.swift; path = PrincipalViewController.swift; sourceTree = "<group>"; };
		146643C120D4366E00DC038F /* Base */ = {isa = PBXFileReference; lastKnownFileType = file.storyboard; name = Base; path = Base.lproj/Main.storyboard; sourceTree = "<group>"; };
		146643C320D4367400DC038F /* Assets.xcassets */ = {isa = PBXFileReference; lastKnownFileType = folder.assetcatalog; path = Assets.xcassets; sourceTree = "<group>"; };
		146643C620D4367400DC038F /* Base */ = {isa = PBXFileReference; lastKnownFileType = file.storyboard; name = Base; path = Base.lproj/LaunchScreen.storyboard; sourceTree = "<group>"; };
		146643C820D4367400DC038F /* Info.plist */ = {isa = PBXFileReference; lastKnownFileType = text.plist.xml; path = Info.plist; sourceTree = "<group>"; };
		146643CD20D4367400DC038F /* Meu Primeiro Projeto iOSTests.xctest */ = {isa = PBXFileReference; explicitFileType = wrapper.cfbundle; includeInIndex = 0; path = "Meu Primeiro Projeto iOSTests.xctest"; sourceTree = BUILT_PRODUCTS_DIR; };
		146643D120D4367400DC038F /* Meu_Primeiro_Projeto_iOSTests.swift */ = {isa = PBXFileReference; lastKnownFileType = sourcecode.swift; path = Meu_Primeiro_Projeto_iOSTests.swift; sourceTree = "<group>"; };
		146643D320D4367400DC038F /* Info.plist */ = {isa = PBXFileReference; lastKnownFileType = text.plist.xml; path = Info.plist; sourceTree = "<group>"; };
		146643D820D4367400DC038F /* Meu Primeiro Projeto iOSUITests.xctest */ = {isa = PBXFileReference; explicitFileType = wrapper.cfbundle; includeInIndex = 0; path = "Meu Primeiro Projeto iOSUITests.xctest"; sourceTree = BUILT_PRODUCTS_DIR; };
		146643DC20D4367400DC038F /* Meu_Primeiro_Projeto_iOSUITests.swift */ = {isa = PBXFileReference; lastKnownFileType = sourcecode.swift; path = Meu_Primeiro_Projeto_iOSUITests.swift; sourceTree = "<group>"; };
		146643DE20D4367400DC038F /* Info.plist */ = {isa = PBXFileReference; lastKnownFileType = text.plist.xml; path = Info.plist; sourceTree = "<group>"; };
/* End PBXFileReference section */

/* Begin PBXFrameworksBuildPhase section */
		146643B620D4366E00DC038F /* Frameworks */ = {
			isa = PBXFrameworksBuildPhase;
			buildActionMask = 2147483647;
			files = (
			);
			runOnlyForDeploymentPostprocessing = 0;
		};
		146643CA20D4367400DC038F /* Frameworks */ = {
			isa = PBXFrameworksBuildPhase;
			buildActionMask = 2147483647;
			files = (
			);
			runOnlyForDeploymentPostprocessing = 0;
		};
		146643D520D4367400DC038F /* Frameworks */ = {
			isa = PBXFrameworksBuildPhase;
			buildActionMask = 2147483647;
			files = (
			);
			runOnlyForDeploymentPostprocessing = 0;
		};
/* End PBXFrameworksBuildPhase section */

/* Begin PBXGroup section */
		146643B020D4366E00DC038F = {
			isa = PBXGroup;
			children = (
				146643BB20D4366E00DC038F /* Meu Primeiro Projeto iOS */,
				146643D020D4367400DC038F /* Meu Primeiro Projeto iOSTests */,
				146643DB20D4367400DC038F /* Meu Primeiro Projeto iOSUITests */,
				146643BA20D4366E00DC038F /* Products */,
			);
			sourceTree = "<group>";
		};
		146643BA20D4366E00DC038F /* Products */ = {
			isa = PBXGroup;
			children = (
				146643B920D4366E00DC038F /* Meu Primeiro Projeto iOS.app */,
				146643CD20D4367400DC038F /* Meu Primeiro Projeto iOSTests.xctest */,
				146643D820D4367400DC038F /* Meu Primeiro Projeto iOSUITests.xctest */,
			);
			name = Products;
			sourceTree = "<group>";
		};
		146643BB20D4366E00DC038F /* Meu Primeiro Projeto iOS */ = {
			isa = PBXGroup;
			children = (
				146643BC20D4366E00DC038F /* AppDelegate.swift */,
				146643BE20D4366E00DC038F /* PrincipalViewController.swift */,
				146643C020D4366E00DC038F /* Main.storyboard */,
				146643C320D4367400DC038F /* Assets.xcassets */,
				146643C520D4367400DC038F /* LaunchScreen.storyboard */,
				146643C820D4367400DC038F /* Info.plist */,
			);
			path = "Meu Primeiro Projeto iOS";
			sourceTree = "<group>";
		};
		146643D020D4367400DC038F /* Meu Primeiro Projeto iOSTests */ = {
			isa = PBXGroup;
			children = (
				146643D120D4367400DC038F /* Meu_Primeiro_Projeto_iOSTests.swift */,
				146643D320D4367400DC038F /* Info.plist */,
			);
			path = "Meu Primeiro Projeto iOSTests";
			sourceTree = "<group>";
		};
		146643DB20D4367400DC038F /* Meu Primeiro Projeto iOSUITests */ = {
			isa = PBXGroup;
			children = (
				146643DC20D4367400DC038F /* Meu_Primeiro_Projeto_iOSUITests.swift */,
				146643DE20D4367400DC038F /* Info.plist */,
			);
			path = "Meu Primeiro Projeto iOSUITests";
			sourceTree = "<group>";
		};
/* End PBXGroup section */

/* Begin PBXNativeTarget section */
		146643B820D4366E00DC038F /* Meu Primeiro Projeto iOS */ = {
			isa = PBXNativeTarget;
			buildConfigurationList = 146643E120D4367400DC038F /* Build configuration list for PBXNativeTarget "Meu Primeiro Projeto iOS" */;
			buildPhases = (
				146643B520D4366E00DC038F /* Sources */,
				146643B620D4366E00DC038F /* Frameworks */,
				146643B720D4366E00DC038F /* Resources */,
			);
			buildRules = (
			);
			dependencies = (
			);
			name = "Meu Primeiro Projeto iOS";
			productName = "Meu Primeiro Projeto iOS";
			productReference = 146643B920D4366E00DC038F /* Meu Primeiro Projeto iOS.app */;
			productType = "com.apple.product-type.application";
		};
		146643CC20D4367400DC038F /* Meu Primeiro Projeto iOSTests */ = {
			isa = PBXNativeTarget;
			buildConfigurationList = 146643E420D4367400DC038F /* Build configuration list for PBXNativeTarget "Meu Primeiro Projeto iOSTests" */;
			buildPhases = (
				146643C920D4367400DC038F /* Sources */,
				146643CA20D4367400DC038F /* Frameworks */,
				146643CB20D4367400DC038F /* Resources */,
			);
			buildRules = (
			);
			dependencies = (
				146643CF20D4367400DC038F /* PBXTargetDependency */,
			);
			name = "Meu Primeiro Projeto iOSTests";
			productName = "Meu Primeiro Projeto iOSTests";
			productReference = 146643CD20D4367400DC038F /* Meu Primeiro Projeto iOSTests.xctest */;
			productType = "com.apple.product-type.bundle.unit-test";
		};
		146643D720D4367400DC038F /* Meu Primeiro Projeto iOSUITests */ = {
			isa = PBXNativeTarget;
			buildConfigurationList = 146643E720D4367400DC038F /* Build configuration list for PBXNativeTarget "Meu Primeiro Projeto iOSUITests" */;
			buildPhases = (
				146643D420D4367400DC038F /* Sources */,
				146643D520D4367400DC038F /* Frameworks */,
				146643D620D4367400DC038F /* Resources */,
			);
			buildRules = (
			);
			dependencies = (
				146643DA20D4367400DC038F /* PBXTargetDependency */,
			);
			name = "Meu Primeiro Projeto iOSUITests";
			productName = "Meu Primeiro Projeto iOSUITests";
			productReference = 146643D820D4367400DC038F /* Meu Primeiro Projeto iOSUITests.xctest */;
			productType = "com.apple.product-type.bundle.ui-testing";
		};
/* End PBXNativeTarget section */

/* Begin PBXProject section */
		146643B120D4366E00DC038F /* Project object */ = {
			isa = PBXProject;
			attributes = {
				LastSwiftUpdateCheck = 0940;
				LastUpgradeCheck = 0940;
				ORGANIZATIONNAME = IFPB;
				TargetAttributes = {
					146643B820D4366E00DC038F = {
						CreatedOnToolsVersion = 9.4.1;
					};
					146643CC20D4367400DC038F = {
						CreatedOnToolsVersion = 9.4.1;
						TestTargetID = 146643B820D4366E00DC038F;
					};
					146643D720D4367400DC038F = {
						CreatedOnToolsVersion = 9.4.1;
						TestTargetID = 146643B820D4366E00DC038F;
					};
				};
			};
			buildConfigurationList = 146643B420D4366E00DC038F /* Build configuration list for PBXProject "Meu Primeiro Projeto iOS" */;
			compatibilityVersion = "Xcode 9.3";
			developmentRegion = en;
			hasScannedForEncodings = 0;
			knownRegions = (
				en,
				Base,
			);
			mainGroup = 146643B020D4366E00DC038F;
			productRefGroup = 146643BA20D4366E00DC038F /* Products */;
			projectDirPath = "";
			projectRoot = "";
			targets = (
				146643B820D4366E00DC038F /* Meu Primeiro Projeto iOS */,
				146643CC20D4367400DC038F /* Meu Primeiro Projeto iOSTests */,
				146643D720D4367400DC038F /* Meu Primeiro Projeto iOSUITests */,
			);
		};
/* End PBXProject section */

/* Begin PBXResourcesBuildPhase section */
		146643B720D4366E00DC038F /* Resources */ = {
			isa = PBXResourcesBuildPhase;
			buildActionMask = 2147483647;
			files = (
				146643C720D4367400DC038F /* LaunchScreen.storyboard in Resources */,
				146643C420D4367400DC038F /* Assets.xcassets in Resources */,
				146643C220D4366E00DC038F /* Main.storyboard in Resources */,
			);
			runOnlyForDeploymentPostprocessing = 0;
		};
		146643CB20D4367400DC038F /* Resources */ = {
			isa = PBXResourcesBuildPhase;
			buildActionMask = 2147483647;
			files = (
			);
			runOnlyForDeploymentPostprocessing = 0;
		};
		146643D620D4367400DC038F /* Resources */ = {
			isa = PBXResourcesBuildPhase;
			buildActionMask = 2147483647;
			files = (
			);
			runOnlyForDeploymentPostprocessing = 0;
		};
/* End PBXResourcesBuildPhase section */

/* Begin PBXSourcesBuildPhase section */
		146643B520D4366E00DC038F /* Sources */ = {
			isa = PBXSourcesBuildPhase;
			buildActionMask = 2147483647;
			files = (
				146643BF20D4366E00DC038F /* PrincipalViewController.swift in Sources */,
				146643BD20D4366E00DC038F /* AppDelegate.swift in Sources */,
			);
			runOnlyForDeploymentPostprocessing = 0;
		};
		146643C920D4367400DC038F /* Sources */ = {
			isa = PBXSourcesBuildPhase;
			buildActionMask = 2147483647;
			files = (
				146643D220D4367400DC038F /* Meu_Primeiro_Projeto_iOSTests.swift in Sources */,
			);
			runOnlyForDeploymentPostprocessing = 0;
		};
		146643D420D4367400DC038F /* Sources */ = {
			isa = PBXSourcesBuildPhase;
			buildActionMask = 2147483647;
			files = (
				146643DD20D4367400DC038F /* Meu_Primeiro_Projeto_iOSUITests.swift in Sources */,
			);
			runOnlyForDeploymentPostprocessing = 0;
		};
/* End PBXSourcesBuildPhase section */

/* Begin PBXTargetDependency section */
		146643CF20D4367400DC038F /* PBXTargetDependency */ = {
			isa = PBXTargetDependency;
			target = 146643B820D4366E00DC038F /* Meu Primeiro Projeto iOS */;
			targetProxy = 146643CE20D4367400DC038F /* PBXContainerItemProxy */;
		};
		146643DA20D4367400DC038F /* PBXTargetDependency */ = {
			isa = PBXTargetDependency;
			target = 146643B820D4366E00DC038F /* Meu Primeiro Projeto iOS */;
			targetProxy = 146643D920D4367400DC038F /* PBXContainerItemProxy */;
		};
/* End PBXTargetDependency section */

/* Begin PBXVariantGroup section */
		146643C020D4366E00DC038F /* Main.storyboard */ = {
			isa = PBXVariantGroup;
			children = (
				146643C120D4366E00DC038F /* Base */,
			);
			name = Main.storyboard;
			sourceTree = "<group>";
		};
		146643C520D4367400DC038F /* LaunchScreen.storyboard */ = {
			isa = PBXVariantGroup;
			children = (
				146643C620D4367400DC038F /* Base */,
			);
			name = LaunchScreen.storyboard;
			sourceTree = "<group>";
		};
/* End PBXVariantGroup section */

/* Begin XCBuildConfiguration section */
		146643DF20D4367400DC038F /* Debug */ = {
			isa = XCBuildConfiguration;
			buildSettings = {
				ALWAYS_SEARCH_USER_PATHS = NO;
				CLANG_ANALYZER_NONNULL = YES;
				CLANG_ANALYZER_NUMBER_OBJECT_CONVERSION = YES_AGGRESSIVE;
				CLANG_CXX_LANGUAGE_STANDARD = "gnu++14";
				CLANG_CXX_LIBRARY = "libc++";
				CLANG_ENABLE_MODULES = YES;
				CLANG_ENABLE_OBJC_ARC = YES;
				CLANG_ENABLE_OBJC_WEAK = YES;
				CLANG_WARN_BLOCK_CAPTURE_AUTORELEASING = YES;
				CLANG_WARN_BOOL_CONVERSION = YES;
				CLANG_WARN_COMMA = YES;
				CLANG_WARN_CONSTANT_CONVERSION = YES;
				CLANG_WARN_DEPRECATED_OBJC_IMPLEMENTATIONS = YES;
				CLANG_WARN_DIRECT_OBJC_ISA_USAGE = YES_ERROR;
				CLANG_WARN_DOCUMENTATION_COMMENTS = YES;
				CLANG_WARN_EMPTY_BODY = YES;
				CLANG_WARN_ENUM_CONVERSION = YES;
				CLANG_WARN_INFINITE_RECURSION = YES;
				CLANG_WARN_INT_CONVERSION = YES;
				CLANG_WARN_NON_LITERAL_NULL_CONVERSION = YES;
				CLANG_WARN_OBJC_IMPLICIT_RETAIN_SELF = YES;
				CLANG_WARN_OBJC_LITERAL_CONVERSION = YES;
				CLANG_WARN_OBJC_ROOT_CLASS = YES_ERROR;
				CLANG_WARN_RANGE_LOOP_ANALYSIS = YES;
				CLANG_WARN_STRICT_PROTOTYPES = YES;
				CLANG_WARN_SUSPICIOUS_MOVE = YES;
				CLANG_WARN_UNGUARDED_AVAILABILITY = YES_AGGRESSIVE;
				CLANG_WARN_UNREACHABLE_CODE = YES;
				CLANG_WARN__DUPLICATE_METHOD_MATCH = YES;
				CODE_SIGN_IDENTITY = "iPhone Developer";
				COPY_PHASE_STRIP = NO;
				DEBUG_INFORMATION_FORMAT = dwarf;
				ENABLE_STRICT_OBJC_MSGSEND = YES;
				ENABLE_TESTABILITY = YES;
				GCC_C_LANGUAGE_STANDARD = gnu11;
				GCC_DYNAMIC_NO_PIC = NO;
				GCC_NO_COMMON_BLOCKS = YES;
				GCC_OPTIMIZATION_LEVEL = 0;
				GCC_PREPROCESSOR_DEFINITIONS = (
					"DEBUG=1",
					"$(inherited)",
				);
				GCC_WARN_64_TO_32_BIT_CONVERSION = YES;
				GCC_WARN_ABOUT_RETURN_TYPE = YES_ERROR;
				GCC_WARN_UNDECLARED_SELECTOR = YES;
				GCC_WARN_UNINITIALIZED_AUTOS = YES_AGGRESSIVE;
				GCC_WARN_UNUSED_FUNCTION = YES;
				GCC_WARN_UNUSED_VARIABLE = YES;
				IPHONEOS_DEPLOYMENT_TARGET = 11.4;
				MTL_ENABLE_DEBUG_INFO = YES;
				ONLY_ACTIVE_ARCH = YES;
				SDKROOT = iphoneos;
				SWIFT_ACTIVE_COMPILATION_CONDITIONS = DEBUG;
				SWIFT_OPTIMIZATION_LEVEL = "-Onone";
			};
			name = Debug;
		};
		146643E020D4367400DC038F /* Release */ = {
			isa = XCBuildConfiguration;
			buildSettings = {
				ALWAYS_SEARCH_USER_PATHS = NO;
				CLANG_ANALYZER_NONNULL = YES;
				CLANG_ANALYZER_NUMBER_OBJECT_CONVERSION = YES_AGGRESSIVE;
				CLANG_CXX_LANGUAGE_STANDARD = "gnu++14";
				CLANG_CXX_LIBRARY = "libc++";
				CLANG_ENABLE_MODULES = YES;
				CLANG_ENABLE_OBJC_ARC = YES;
				CLANG_ENABLE_OBJC_WEAK = YES;
				CLANG_WARN_BLOCK_CAPTURE_AUTORELEASING = YES;
				CLANG_WARN_BOOL_CONVERSION = YES;
				CLANG_WARN_COMMA = YES;
				CLANG_WARN_CONSTANT_CONVERSION = YES;
				CLANG_WARN_DEPRECATED_OBJC_IMPLEMENTATIONS = YES;
				CLANG_WARN_DIRECT_OBJC_ISA_USAGE = YES_ERROR;
				CLANG_WARN_DOCUMENTATION_COMMENTS = YES;
				CLANG_WARN_EMPTY_BODY = YES;
				CLANG_WARN_ENUM_CONVERSION = YES;
				CLANG_WARN_INFINITE_RECURSION = YES;
				CLANG_WARN_INT_CONVERSION = YES;
				CLANG_WARN_NON_LITERAL_NULL_CONVERSION = YES;
				CLANG_WARN_OBJC_IMPLICIT_RETAIN_SELF = YES;
				CLANG_WARN_OBJC_LITERAL_CONVERSION = YES;
				CLANG_WARN_OBJC_ROOT_CLASS = YES_ERROR;
				CLANG_WARN_RANGE_LOOP_ANALYSIS = YES;
				CLANG_WARN_STRICT_PROTOTYPES = YES;
				CLANG_WARN_SUSPICIOUS_MOVE = YES;
				CLANG_WARN_UNGUARDED_AVAILABILITY = YES_AGGRESSIVE;
				CLANG_WARN_UNREACHABLE_CODE = YES;
				CLANG_WARN__DUPLICATE_METHOD_MATCH = YES;
				CODE_SIGN_IDENTITY = "iPhone Developer";
				COPY_PHASE_STRIP = NO;
				DEBUG_INFORMATION_FORMAT = "dwarf-with-dsym";
				ENABLE_NS_ASSERTIONS = NO;
				ENABLE_STRICT_OBJC_MSGSEND = YES;
				GCC_C_LANGUAGE_STANDARD = gnu11;
				GCC_NO_COMMON_BLOCKS = YES;
				GCC_WARN_64_TO_32_BIT_CONVERSION = YES;
				GCC_WARN_ABOUT_RETURN_TYPE = YES_ERROR;
				GCC_WARN_UNDECLARED_SELECTOR = YES;
				GCC_WARN_UNINITIALIZED_AUTOS = YES_AGGRESSIVE;
				GCC_WARN_UNUSED_FUNCTION = YES;
				GCC_WARN_UNUSED_VARIABLE = YES;
				IPHONEOS_DEPLOYMENT_TARGET = 11.4;
				MTL_ENABLE_DEBUG_INFO = NO;
				SDKROOT = iphoneos;
				SWIFT_COMPILATION_MODE = wholemodule;
				SWIFT_OPTIMIZATION_LEVEL = "-O";
				VALIDATE_PRODUCT = YES;
			};
			name = Release;
		};
		146643E220D4367400DC038F /* Debug */ = {
			isa = XCBuildConfiguration;
			buildSettings = {
				ASSETCATALOG_COMPILER_APPICON_NAME = AppIcon;
				CODE_SIGN_STYLE = Automatic;
				INFOPLIST_FILE = "Meu Primeiro Projeto iOS/Info.plist";
				LD_RUNPATH_SEARCH_PATHS = (
					"$(inherited)",
					"@executable_path/Frameworks",
				);
				PRODUCT_BUNDLE_IDENTIFIER = "br.edu.ifpb.joaopessoa.tsi.Meu-Primeiro-Projeto-iOS";
				PRODUCT_NAME = "$(TARGET_NAME)";
				SWIFT_VERSION = 4.0;
				TARGETED_DEVICE_FAMILY = "1,2";
			};
			name = Debug;
		};
		146643E320D4367400DC038F /* Release */ = {
			isa = XCBuildConfiguration;
			buildSettings = {
				ASSETCATALOG_COMPILER_APPICON_NAME = AppIcon;
				CODE_SIGN_STYLE = Automatic;
				INFOPLIST_FILE = "Meu Primeiro Projeto iOS/Info.plist";
				LD_RUNPATH_SEARCH_PATHS = (
					"$(inherited)",
					"@executable_path/Frameworks",
				);
				PRODUCT_BUNDLE_IDENTIFIER = "br.edu.ifpb.joaopessoa.tsi.Meu-Primeiro-Projeto-iOS";
				PRODUCT_NAME = "$(TARGET_NAME)";
				SWIFT_VERSION = 4.0;
				TARGETED_DEVICE_FAMILY = "1,2";
			};
			name = Release;
		};
		146643E520D4367400DC038F /* Debug */ = {
			isa = XCBuildConfiguration;
			buildSettings = {
				ALWAYS_EMBED_SWIFT_STANDARD_LIBRARIES = YES;
				BUNDLE_LOADER = "$(TEST_HOST)";
				CODE_SIGN_STYLE = Automatic;
				INFOPLIST_FILE = "Meu Primeiro Projeto iOSTests/Info.plist";
				LD_RUNPATH_SEARCH_PATHS = (
					"$(inherited)",
					"@executable_path/Frameworks",
					"@loader_path/Frameworks",
				);
				PRODUCT_BUNDLE_IDENTIFIER = "br.edu.ifpb.joaopessoa.tsi.Meu-Primeiro-Projeto-iOSTests";
				PRODUCT_NAME = "$(TARGET_NAME)";
				SWIFT_VERSION = 4.0;
				TARGETED_DEVICE_FAMILY = "1,2";
				TEST_HOST = "$(BUILT_PRODUCTS_DIR)/Meu Primeiro Projeto iOS.app/Meu Primeiro Projeto iOS";
			};
			name = Debug;
		};
		146643E620D4367400DC038F /* Release */ = {
			isa = XCBuildConfiguration;
			buildSettings = {
				ALWAYS_EMBED_SWIFT_STANDARD_LIBRARIES = YES;
				BUNDLE_LOADER = "$(TEST_HOST)";
				CODE_SIGN_STYLE = Automatic;
				INFOPLIST_FILE = "Meu Primeiro Projeto iOSTests/Info.plist";
				LD_RUNPATH_SEARCH_PATHS = (
					"$(inherited)",
					"@executable_path/Frameworks",
					"@loader_path/Frameworks",
				);
				PRODUCT_BUNDLE_IDENTIFIER = "br.edu.ifpb.joaopessoa.tsi.Meu-Primeiro-Projeto-iOSTests";
				PRODUCT_NAME = "$(TARGET_NAME)";
				SWIFT_VERSION = 4.0;
				TARGETED_DEVICE_FAMILY = "1,2";
				TEST_HOST = "$(BUILT_PRODUCTS_DIR)/Meu Primeiro Projeto iOS.app/Meu Primeiro Projeto iOS";
			};
			name = Release;
		};
		146643E820D4367400DC038F /* Debug */ = {
			isa = XCBuildConfiguration;
			buildSettings = {
				ALWAYS_EMBED_SWIFT_STANDARD_LIBRARIES = YES;
				CODE_SIGN_STYLE = Automatic;
				INFOPLIST_FILE = "Meu Primeiro Projeto iOSUITests/Info.plist";
				LD_RUNPATH_SEARCH_PATHS = (
					"$(inherited)",
					"@executable_path/Frameworks",
					"@loader_path/Frameworks",
				);
				PRODUCT_BUNDLE_IDENTIFIER = "br.edu.ifpb.joaopessoa.tsi.Meu-Primeiro-Projeto-iOSUITests";
				PRODUCT_NAME = "$(TARGET_NAME)";
				SWIFT_VERSION = 4.0;
				TARGETED_DEVICE_FAMILY = "1,2";
				TEST_TARGET_NAME = "Meu Primeiro Projeto iOS";
			};
			name = Debug;
		};
		146643E920D4367400DC038F /* Release */ = {
			isa = XCBuildConfiguration;
			buildSettings = {
				ALWAYS_EMBED_SWIFT_STANDARD_LIBRARIES = YES;
				CODE_SIGN_STYLE = Automatic;
				INFOPLIST_FILE = "Meu Primeiro Projeto iOSUITests/Info.plist";
				LD_RUNPATH_SEARCH_PATHS = (
					"$(inherited)",
					"@executable_path/Frameworks",
					"@loader_path/Frameworks",
				);
				PRODUCT_BUNDLE_IDENTIFIER = "br.edu.ifpb.joaopessoa.tsi.Meu-Primeiro-Projeto-iOSUITests";
				PRODUCT_NAME = "$(TARGET_NAME)";
				SWIFT_VERSION = 4.0;
				TARGETED_DEVICE_FAMILY = "1,2";
				TEST_TARGET_NAME = "Meu Primeiro Projeto iOS";
			};
			name = Release;
		};
/* End XCBuildConfiguration section */

/* Begin XCConfigurationList section */
		146643B420D4366E00DC038F /* Build configuration list for PBXProject "Meu Primeiro Projeto iOS" */ = {
			isa = XCConfigurationList;
			buildConfigurations = (
				146643DF20D4367400DC038F /* Debug */,
				146643E020D4367400DC038F /* Release */,
			);
			defaultConfigurationIsVisible = 0;
			defaultConfigurationName = Release;
		};
		146643E120D4367400DC038F /* Build configuration list for PBXNativeTarget "Meu Primeiro Projeto iOS" */ = {
			isa = XCConfigurationList;
			buildConfigurations = (
				146643E220D4367400DC038F /* Debug */,
				146643E320D4367400DC038F /* Release */,
			);
			defaultConfigurationIsVisible = 0;
			defaultConfigurationName = Release;
		};
		146643E420D4367400DC038F /* Build configuration list for PBXNativeTarget "Meu Primeiro Projeto iOSTests" */ = {
			isa = XCConfigurationList;
			buildConfigurations = (
				146643E520D4367400DC038F /* Debug */,
				146643E620D4367400DC038F /* Release */,
			);
			defaultConfigurationIsVisible = 0;
			defaultConfigurationName = Release;
		};
		146643E720D4367400DC038F /* Build configuration list for PBXNativeTarget "Meu Primeiro Projeto iOSUITests" */ = {
			isa = XCConfigurationList;
			buildConfigurations = (
				146643E820D4367400DC038F /* Debug */,
				146643E920D4367400DC038F /* Release */,
			);
			defaultConfigurationIsVisible = 0;
			defaultConfigurationName = Release;
		};
/* End XCConfigurationList section */
	};
	rootObject = 146643B120D4366E00DC038F /* Project object */;
}
