// !$*UTF8*$!
{
	archiveVersion = 1;
	classes = {
	};
	objectVersion = 50;
	objects = {

/* Begin PBXBuildFile section */
		1429874020EE82B4009B8D61 /* AppDelegate.swift in Sources */ = {isa = PBXBuildFile; fileRef = 1429873F20EE82B4009B8D61 /* AppDelegate.swift */; };
		1429874220EE82B4009B8D61 /* MainViewController.swift in Sources */ = {isa = PBXBuildFile; fileRef = 1429874120EE82B4009B8D61 /* MainViewController.swift */; };
		1429874520EE82B4009B8D61 /* Main.storyboard in Resources */ = {isa = PBXBuildFile; fileRef = 1429874320EE82B4009B8D61 /* Main.storyboard */; };
		1429874720EE82B7009B8D61 /* Assets.xcassets in Resources */ = {isa = PBXBuildFile; fileRef = 1429874620EE82B7009B8D61 /* Assets.xcassets */; };
		1429874A20EE82B7009B8D61 /* LaunchScreen.storyboard in Resources */ = {isa = PBXBuildFile; fileRef = 1429874820EE82B7009B8D61 /* LaunchScreen.storyboard */; };
		1429875520EE83ED009B8D61 /* SobreViewController.swift in Sources */ = {isa = PBXBuildFile; fileRef = 1429875420EE83ED009B8D61 /* SobreViewController.swift */; };
/* End PBXBuildFile section */

/* Begin PBXFileReference section */
		1429873C20EE82B4009B8D61 /* Navegação.app */ = {isa = PBXFileReference; explicitFileType = wrapper.application; includeInIndex = 0; path = "Navegação.app"; sourceTree = BUILT_PRODUCTS_DIR; };
		1429873F20EE82B4009B8D61 /* AppDelegate.swift */ = {isa = PBXFileReference; lastKnownFileType = sourcecode.swift; path = AppDelegate.swift; sourceTree = "<group>"; };
		1429874120EE82B4009B8D61 /* MainViewController.swift */ = {isa = PBXFileReference; lastKnownFileType = sourcecode.swift; path = MainViewController.swift; sourceTree = "<group>"; };
		1429874420EE82B4009B8D61 /* Base */ = {isa = PBXFileReference; lastKnownFileType = file.storyboard; name = Base; path = Base.lproj/Main.storyboard; sourceTree = "<group>"; };
		1429874620EE82B7009B8D61 /* Assets.xcassets */ = {isa = PBXFileReference; lastKnownFileType = folder.assetcatalog; path = Assets.xcassets; sourceTree = "<group>"; };
		1429874920EE82B7009B8D61 /* Base */ = {isa = PBXFileReference; lastKnownFileType = file.storyboard; name = Base; path = Base.lproj/LaunchScreen.storyboard; sourceTree = "<group>"; };
		1429874B20EE82B7009B8D61 /* Info.plist */ = {isa = PBXFileReference; lastKnownFileType = text.plist.xml; path = Info.plist; sourceTree = "<group>"; };
		1429875420EE83ED009B8D61 /* SobreViewController.swift */ = {isa = PBXFileReference; lastKnownFileType = sourcecode.swift; path = SobreViewController.swift; sourceTree = "<group>"; };
/* End PBXFileReference section */

/* Begin PBXFrameworksBuildPhase section */
		1429873920EE82B4009B8D61 /* Frameworks */ = {
			isa = PBXFrameworksBuildPhase;
			buildActionMask = 2147483647;
			files = (
			);
			runOnlyForDeploymentPostprocessing = 0;
		};
/* End PBXFrameworksBuildPhase section */

/* Begin PBXGroup section */
		1429873320EE82B4009B8D61 = {
			isa = PBXGroup;
			children = (
				1429873E20EE82B4009B8D61 /* Navegação */,
				1429873D20EE82B4009B8D61 /* Products */,
			);
			sourceTree = "<group>";
		};
		1429873D20EE82B4009B8D61 /* Products */ = {
			isa = PBXGroup;
			children = (
				1429873C20EE82B4009B8D61 /* Navegação.app */,
			);
			name = Products;
			sourceTree = "<group>";
		};
		1429873E20EE82B4009B8D61 /* Navegação */ = {
			isa = PBXGroup;
			children = (
				1429875320EE82DB009B8D61 /* controller */,
				1429875220EE82D7009B8D61 /* view */,
				1429875120EE82C5009B8D61 /* model */,
				1429873F20EE82B4009B8D61 /* AppDelegate.swift */,
				1429874620EE82B7009B8D61 /* Assets.xcassets */,
				1429874820EE82B7009B8D61 /* LaunchScreen.storyboard */,
				1429874B20EE82B7009B8D61 /* Info.plist */,
			);
			path = "Navegação";
			sourceTree = "<group>";
		};
		1429875120EE82C5009B8D61 /* model */ = {
			isa = PBXGroup;
			children = (
			);
			path = model;
			sourceTree = "<group>";
		};
		1429875220EE82D7009B8D61 /* view */ = {
			isa = PBXGroup;
			children = (
				1429874320EE82B4009B8D61 /* Main.storyboard */,
			);
			path = view;
			sourceTree = "<group>";
		};
		1429875320EE82DB009B8D61 /* controller */ = {
			isa = PBXGroup;
			children = (
				1429874120EE82B4009B8D61 /* MainViewController.swift */,
				1429875420EE83ED009B8D61 /* SobreViewController.swift */,
			);
			path = controller;
			sourceTree = "<group>";
		};
/* End PBXGroup section */

/* Begin PBXNativeTarget section */
		1429873B20EE82B4009B8D61 /* Navegação */ = {
			isa = PBXNativeTarget;
			buildConfigurationList = 1429874E20EE82B7009B8D61 /* Build configuration list for PBXNativeTarget "Navegação" */;
			buildPhases = (
				1429873820EE82B4009B8D61 /* Sources */,
				1429873920EE82B4009B8D61 /* Frameworks */,
				1429873A20EE82B4009B8D61 /* Resources */,
			);
			buildRules = (
			);
			dependencies = (
			);
			name = "Navegação";
			productName = "Navegação";
			productReference = 1429873C20EE82B4009B8D61 /* Navegação.app */;
			productType = "com.apple.product-type.application";
		};
/* End PBXNativeTarget section */

/* Begin PBXProject section */
		1429873420EE82B4009B8D61 /* Project object */ = {
			isa = PBXProject;
			attributes = {
				LastSwiftUpdateCheck = 0940;
				LastUpgradeCheck = 0940;
				ORGANIZATIONNAME = IFPB;
				TargetAttributes = {
					1429873B20EE82B4009B8D61 = {
						CreatedOnToolsVersion = 9.4.1;
					};
				};
			};
			buildConfigurationList = 1429873720EE82B4009B8D61 /* Build configuration list for PBXProject "Navegação" */;
			compatibilityVersion = "Xcode 9.3";
			developmentRegion = en;
			hasScannedForEncodings = 0;
			knownRegions = (
				en,
				Base,
			);
			mainGroup = 1429873320EE82B4009B8D61;
			productRefGroup = 1429873D20EE82B4009B8D61 /* Products */;
			projectDirPath = "";
			projectRoot = "";
			targets = (
				1429873B20EE82B4009B8D61 /* Navegação */,
			);
		};
/* End PBXProject section */

/* Begin PBXResourcesBuildPhase section */
		1429873A20EE82B4009B8D61 /* Resources */ = {
			isa = PBXResourcesBuildPhase;
			buildActionMask = 2147483647;
			files = (
				1429874A20EE82B7009B8D61 /* LaunchScreen.storyboard in Resources */,
				1429874720EE82B7009B8D61 /* Assets.xcassets in Resources */,
				1429874520EE82B4009B8D61 /* Main.storyboard in Resources */,
			);
			runOnlyForDeploymentPostprocessing = 0;
		};
/* End PBXResourcesBuildPhase section */

/* Begin PBXSourcesBuildPhase section */
		1429873820EE82B4009B8D61 /* Sources */ = {
			isa = PBXSourcesBuildPhase;
			buildActionMask = 2147483647;
			files = (
				1429875520EE83ED009B8D61 /* SobreViewController.swift in Sources */,
				1429874220EE82B4009B8D61 /* MainViewController.swift in Sources */,
				1429874020EE82B4009B8D61 /* AppDelegate.swift in Sources */,
			);
			runOnlyForDeploymentPostprocessing = 0;
		};
/* End PBXSourcesBuildPhase section */

/* Begin PBXVariantGroup section */
		1429874320EE82B4009B8D61 /* Main.storyboard */ = {
			isa = PBXVariantGroup;
			children = (
				1429874420EE82B4009B8D61 /* Base */,
			);
			name = Main.storyboard;
			sourceTree = "<group>";
		};
		1429874820EE82B7009B8D61 /* LaunchScreen.storyboard */ = {
			isa = PBXVariantGroup;
			children = (
				1429874920EE82B7009B8D61 /* Base */,
			);
			name = LaunchScreen.storyboard;
			sourceTree = "<group>";
		};
/* End PBXVariantGroup section */

/* Begin XCBuildConfiguration section */
		1429874C20EE82B7009B8D61 /* Debug */ = {
			isa = XCBuildConfiguration;
			buildSettings = {
				ALWAYS_SEARCH_USER_PATHS = NO;
				CLANG_ANALYZER_NONNULL = YES;
				CLANG_ANALYZER_NUMBER_OBJECT_CONVERSION = YES_AGGRESSIVE;
				CLANG_CXX_LANGUAGE_STANDARD = "gnu++14";
				CLANG_CXX_LIBRARY = "libc++";
				CLANG_ENABLE_MODULES = YES;
				CLANG_ENABLE_OBJC_ARC = YES;
				CLANG_ENABLE_OBJC_WEAK = YES;
				CLANG_WARN_BLOCK_CAPTURE_AUTORELEASING = YES;
				CLANG_WARN_BOOL_CONVERSION = YES;
				CLANG_WARN_COMMA = YES;
				CLANG_WARN_CONSTANT_CONVERSION = YES;
				CLANG_WARN_DEPRECATED_OBJC_IMPLEMENTATIONS = YES;
				CLANG_WARN_DIRECT_OBJC_ISA_USAGE = YES_ERROR;
				CLANG_WARN_DOCUMENTATION_COMMENTS = YES;
				CLANG_WARN_EMPTY_BODY = YES;
				CLANG_WARN_ENUM_CONVERSION = YES;
				CLANG_WARN_INFINITE_RECURSION = YES;
				CLANG_WARN_INT_CONVERSION = YES;
				CLANG_WARN_NON_LITERAL_NULL_CONVERSION = YES;
				CLANG_WARN_OBJC_IMPLICIT_RETAIN_SELF = YES;
				CLANG_WARN_OBJC_LITERAL_CONVERSION = YES;
				CLANG_WARN_OBJC_ROOT_CLASS = YES_ERROR;
				CLANG_WARN_RANGE_LOOP_ANALYSIS = YES;
				CLANG_WARN_STRICT_PROTOTYPES = YES;
				CLANG_WARN_SUSPICIOUS_MOVE = YES;
				CLANG_WARN_UNGUARDED_AVAILABILITY = YES_AGGRESSIVE;
				CLANG_WARN_UNREACHABLE_CODE = YES;
				CLANG_WARN__DUPLICATE_METHOD_MATCH = YES;
				CODE_SIGN_IDENTITY = "iPhone Developer";
				COPY_PHASE_STRIP = NO;
				DEBUG_INFORMATION_FORMAT = dwarf;
				ENABLE_STRICT_OBJC_MSGSEND = YES;
				ENABLE_TESTABILITY = YES;
				GCC_C_LANGUAGE_STANDARD = gnu11;
				GCC_DYNAMIC_NO_PIC = NO;
				GCC_NO_COMMON_BLOCKS = YES;
				GCC_OPTIMIZATION_LEVEL = 0;
				GCC_PREPROCESSOR_DEFINITIONS = (
					"DEBUG=1",
					"$(inherited)",
				);
				GCC_WARN_64_TO_32_BIT_CONVERSION = YES;
				GCC_WARN_ABOUT_RETURN_TYPE = YES_ERROR;
				GCC_WARN_UNDECLARED_SELECTOR = YES;
				GCC_WARN_UNINITIALIZED_AUTOS = YES_AGGRESSIVE;
				GCC_WARN_UNUSED_FUNCTION = YES;
				GCC_WARN_UNUSED_VARIABLE = YES;
				IPHONEOS_DEPLOYMENT_TARGET = 11.4;
				MTL_ENABLE_DEBUG_INFO = YES;
				ONLY_ACTIVE_ARCH = YES;
				SDKROOT = iphoneos;
				SWIFT_ACTIVE_COMPILATION_CONDITIONS = DEBUG;
				SWIFT_OPTIMIZATION_LEVEL = "-Onone";
			};
			name = Debug;
		};
		1429874D20EE82B7009B8D61 /* Release */ = {
			isa = XCBuildConfiguration;
			buildSettings = {
				ALWAYS_SEARCH_USER_PATHS = NO;
				CLANG_ANALYZER_NONNULL = YES;
				CLANG_ANALYZER_NUMBER_OBJECT_CONVERSION = YES_AGGRESSIVE;
				CLANG_CXX_LANGUAGE_STANDARD = "gnu++14";
				CLANG_CXX_LIBRARY = "libc++";
				CLANG_ENABLE_MODULES = YES;
				CLANG_ENABLE_OBJC_ARC = YES;
				CLANG_ENABLE_OBJC_WEAK = YES;
				CLANG_WARN_BLOCK_CAPTURE_AUTORELEASING = YES;
				CLANG_WARN_BOOL_CONVERSION = YES;
				CLANG_WARN_COMMA = YES;
				CLANG_WARN_CONSTANT_CONVERSION = YES;
				CLANG_WARN_DEPRECATED_OBJC_IMPLEMENTATIONS = YES;
				CLANG_WARN_DIRECT_OBJC_ISA_USAGE = YES_ERROR;
				CLANG_WARN_DOCUMENTATION_COMMENTS = YES;
				CLANG_WARN_EMPTY_BODY = YES;
				CLANG_WARN_ENUM_CONVERSION = YES;
				CLANG_WARN_INFINITE_RECURSION = YES;
				CLANG_WARN_INT_CONVERSION = YES;
				CLANG_WARN_NON_LITERAL_NULL_CONVERSION = YES;
				CLANG_WARN_OBJC_IMPLICIT_RETAIN_SELF = YES;
				CLANG_WARN_OBJC_LITERAL_CONVERSION = YES;
				CLANG_WARN_OBJC_ROOT_CLASS = YES_ERROR;
				CLANG_WARN_RANGE_LOOP_ANALYSIS = YES;
				CLANG_WARN_STRICT_PROTOTYPES = YES;
				CLANG_WARN_SUSPICIOUS_MOVE = YES;
				CLANG_WARN_UNGUARDED_AVAILABILITY = YES_AGGRESSIVE;
				CLANG_WARN_UNREACHABLE_CODE = YES;
				CLANG_WARN__DUPLICATE_METHOD_MATCH = YES;
				CODE_SIGN_IDENTITY = "iPhone Developer";
				COPY_PHASE_STRIP = NO;
				DEBUG_INFORMATION_FORMAT = "dwarf-with-dsym";
				ENABLE_NS_ASSERTIONS = NO;
				ENABLE_STRICT_OBJC_MSGSEND = YES;
				GCC_C_LANGUAGE_STANDARD = gnu11;
				GCC_NO_COMMON_BLOCKS = YES;
				GCC_WARN_64_TO_32_BIT_CONVERSION = YES;
				GCC_WARN_ABOUT_RETURN_TYPE = YES_ERROR;
				GCC_WARN_UNDECLARED_SELECTOR = YES;
				GCC_WARN_UNINITIALIZED_AUTOS = YES_AGGRESSIVE;
				GCC_WARN_UNUSED_FUNCTION = YES;
				GCC_WARN_UNUSED_VARIABLE = YES;
				IPHONEOS_DEPLOYMENT_TARGET = 11.4;
				MTL_ENABLE_DEBUG_INFO = NO;
				SDKROOT = iphoneos;
				SWIFT_COMPILATION_MODE = wholemodule;
				SWIFT_OPTIMIZATION_LEVEL = "-O";
				VALIDATE_PRODUCT = YES;
			};
			name = Release;
		};
		1429874F20EE82B7009B8D61 /* Debug */ = {
			isa = XCBuildConfiguration;
			buildSettings = {
				ASSETCATALOG_COMPILER_APPICON_NAME = AppIcon;
				CODE_SIGN_STYLE = Automatic;
				INFOPLIST_FILE = "Navegação/Info.plist";
				LD_RUNPATH_SEARCH_PATHS = (
					"$(inherited)",
					"@executable_path/Frameworks",
				);
				PRODUCT_BUNDLE_IDENTIFIER = "br.edu.ifpb.joaopessoa.tsi.Navegac-a-o";
				PRODUCT_NAME = "$(TARGET_NAME)";
				SWIFT_VERSION = 4.0;
				TARGETED_DEVICE_FAMILY = "1,2";
			};
			name = Debug;
		};
		1429875020EE82B7009B8D61 /* Release */ = {
			isa = XCBuildConfiguration;
			buildSettings = {
				ASSETCATALOG_COMPILER_APPICON_NAME = AppIcon;
				CODE_SIGN_STYLE = Automatic;
				INFOPLIST_FILE = "Navegação/Info.plist";
				LD_RUNPATH_SEARCH_PATHS = (
					"$(inherited)",
					"@executable_path/Frameworks",
				);
				PRODUCT_BUNDLE_IDENTIFIER = "br.edu.ifpb.joaopessoa.tsi.Navegac-a-o";
				PRODUCT_NAME = "$(TARGET_NAME)";
				SWIFT_VERSION = 4.0;
				TARGETED_DEVICE_FAMILY = "1,2";
			};
			name = Release;
		};
/* End XCBuildConfiguration section */

/* Begin XCConfigurationList section */
		1429873720EE82B4009B8D61 /* Build configuration list for PBXProject "Navegação" */ = {
			isa = XCConfigurationList;
			buildConfigurations = (
				1429874C20EE82B7009B8D61 /* Debug */,
				1429874D20EE82B7009B8D61 /* Release */,
			);
			defaultConfigurationIsVisible = 0;
			defaultConfigurationName = Release;
		};
		1429874E20EE82B7009B8D61 /* Build configuration list for PBXNativeTarget "Navegação" */ = {
			isa = XCConfigurationList;
			buildConfigurations = (
				1429874F20EE82B7009B8D61 /* Debug */,
				1429875020EE82B7009B8D61 /* Release */,
			);
			defaultConfigurationIsVisible = 0;
			defaultConfigurationName = Release;
		};
/* End XCConfigurationList section */
	};
	rootObject = 1429873420EE82B4009B8D61 /* Project object */;
}
